// !$*UTF8*$!
{
	archiveVersion = 1;
	classes = {
	};
	objectVersion = 51;
	objects = {

/* Begin PBXBuildFile section */
		4971CC2E25DD50E000728C8B /* MoviesViewController.swift in Sources */ = {isa = PBXBuildFile; fileRef = 4971CC2D25DD50E000728C8B /* MoviesViewController.swift */; };
		4971CC3625DD647100728C8B /* MovieCell.swift in Sources */ = {isa = PBXBuildFile; fileRef = 4971CC3525DD647100728C8B /* MovieCell.swift */; };
		49AA475725D5D61B00AFD59D /* AppDelegate.swift in Sources */ = {isa = PBXBuildFile; fileRef = 49AA475625D5D61B00AFD59D /* AppDelegate.swift */; };
		49AA475925D5D61B00AFD59D /* SceneDelegate.swift in Sources */ = {isa = PBXBuildFile; fileRef = 49AA475825D5D61B00AFD59D /* SceneDelegate.swift */; };
		49AA475E25D5D61B00AFD59D /* Main.storyboard in Resources */ = {isa = PBXBuildFile; fileRef = 49AA475C25D5D61B00AFD59D /* Main.storyboard */; };
		49AA476025D5D61D00AFD59D /* Assets.xcassets in Resources */ = {isa = PBXBuildFile; fileRef = 49AA475F25D5D61D00AFD59D /* Assets.xcassets */; };
		49AA476325D5D61D00AFD59D /* LaunchScreen.storyboard in Resources */ = {isa = PBXBuildFile; fileRef = 49AA476125D5D61D00AFD59D /* LaunchScreen.storyboard */; };
		49AA476E25D5D61E00AFD59D /* flixsterTests.swift in Sources */ = {isa = PBXBuildFile; fileRef = 49AA476D25D5D61E00AFD59D /* flixsterTests.swift */; };
		49AA477925D5D61E00AFD59D /* flixsterUITests.swift in Sources */ = {isa = PBXBuildFile; fileRef = 49AA477825D5D61E00AFD59D /* flixsterUITests.swift */; };
		49ECE77425E1AA5D00977FB5 /* MovieDetailsViewController.swift in Sources */ = {isa = PBXBuildFile; fileRef = 49ECE77325E1AA5D00977FB5 /* MovieDetailsViewController.swift */; };
		49ECE77925E1B36900977FB5 /* MovieGridViewController.swift in Sources */ = {isa = PBXBuildFile; fileRef = 49ECE77825E1B36900977FB5 /* MovieGridViewController.swift */; };
		49ECE77E25E1B69200977FB5 /* MovieGridCell.swift in Sources */ = {isa = PBXBuildFile; fileRef = 49ECE77D25E1B69200977FB5 /* MovieGridCell.swift */; };
		6E530A290353CE6CE589CBC6 /* Pods_flixsterTests.framework in Frameworks */ = {isa = PBXBuildFile; fileRef = DD2B1F20F86C7AD43861BE48 /* Pods_flixsterTests.framework */; };
		C1ECDA3FCE91955D67F185D5 /* Pods_flixster_flixsterUITests.framework in Frameworks */ = {isa = PBXBuildFile; fileRef = 894DFF52888F1E681234D167 /* Pods_flixster_flixsterUITests.framework */; };
		C9FACDFF231125427BCCE679 /* Pods_flixster.framework in Frameworks */ = {isa = PBXBuildFile; fileRef = 430534A0F4C31B9A2C0BED92 /* Pods_flixster.framework */; };
/* End PBXBuildFile section */

/* Begin PBXContainerItemProxy section */
		49AA476A25D5D61E00AFD59D /* PBXContainerItemProxy */ = {
			isa = PBXContainerItemProxy;
			containerPortal = 49AA474B25D5D61B00AFD59D /* Project object */;
			proxyType = 1;
			remoteGlobalIDString = 49AA475225D5D61B00AFD59D;
			remoteInfo = flixster;
		};
		49AA477525D5D61E00AFD59D /* PBXContainerItemProxy */ = {
			isa = PBXContainerItemProxy;
			containerPortal = 49AA474B25D5D61B00AFD59D /* Project object */;
			proxyType = 1;
			remoteGlobalIDString = 49AA475225D5D61B00AFD59D;
			remoteInfo = flixster;
		};
/* End PBXContainerItemProxy section */

/* Begin PBXFileReference section */
		430534A0F4C31B9A2C0BED92 /* Pods_flixster.framework */ = {isa = PBXFileReference; explicitFileType = wrapper.framework; includeInIndex = 0; path = Pods_flixster.framework; sourceTree = BUILT_PRODUCTS_DIR; };
		47B076A1AA125069810DAD8E /* Pods-flixsterTests.release.xcconfig */ = {isa = PBXFileReference; includeInIndex = 1; lastKnownFileType = text.xcconfig; name = "Pods-flixsterTests.release.xcconfig"; path = "Target Support Files/Pods-flixsterTests/Pods-flixsterTests.release.xcconfig"; sourceTree = "<group>"; };
		4971CC2D25DD50E000728C8B /* MoviesViewController.swift */ = {isa = PBXFileReference; lastKnownFileType = sourcecode.swift; path = MoviesViewController.swift; sourceTree = "<group>"; };
		4971CC3525DD647100728C8B /* MovieCell.swift */ = {isa = PBXFileReference; lastKnownFileType = sourcecode.swift; path = MovieCell.swift; sourceTree = "<group>"; };
		49AA475325D5D61B00AFD59D /* flixster.app */ = {isa = PBXFileReference; explicitFileType = wrapper.application; includeInIndex = 0; path = flixster.app; sourceTree = BUILT_PRODUCTS_DIR; };
		49AA475625D5D61B00AFD59D /* AppDelegate.swift */ = {isa = PBXFileReference; lastKnownFileType = sourcecode.swift; path = AppDelegate.swift; sourceTree = "<group>"; };
		49AA475825D5D61B00AFD59D /* SceneDelegate.swift */ = {isa = PBXFileReference; lastKnownFileType = sourcecode.swift; path = SceneDelegate.swift; sourceTree = "<group>"; };
		49AA475D25D5D61B00AFD59D /* Base */ = {isa = PBXFileReference; lastKnownFileType = file.storyboard; name = Base; path = Base.lproj/Main.storyboard; sourceTree = "<group>"; };
		49AA475F25D5D61D00AFD59D /* Assets.xcassets */ = {isa = PBXFileReference; lastKnownFileType = folder.assetcatalog; path = Assets.xcassets; sourceTree = "<group>"; };
		49AA476225D5D61D00AFD59D /* Base */ = {isa = PBXFileReference; lastKnownFileType = file.storyboard; name = Base; path = Base.lproj/LaunchScreen.storyboard; sourceTree = "<group>"; };
		49AA476425D5D61D00AFD59D /* Info.plist */ = {isa = PBXFileReference; lastKnownFileType = text.plist.xml; path = Info.plist; sourceTree = "<group>"; };
		49AA476925D5D61E00AFD59D /* flixsterTests.xctest */ = {isa = PBXFileReference; explicitFileType = wrapper.cfbundle; includeInIndex = 0; path = flixsterTests.xctest; sourceTree = BUILT_PRODUCTS_DIR; };
		49AA476D25D5D61E00AFD59D /* flixsterTests.swift */ = {isa = PBXFileReference; lastKnownFileType = sourcecode.swift; path = flixsterTests.swift; sourceTree = "<group>"; };
		49AA476F25D5D61E00AFD59D /* Info.plist */ = {isa = PBXFileReference; lastKnownFileType = text.plist.xml; path = Info.plist; sourceTree = "<group>"; };
		49AA477425D5D61E00AFD59D /* flixsterUITests.xctest */ = {isa = PBXFileReference; explicitFileType = wrapper.cfbundle; includeInIndex = 0; path = flixsterUITests.xctest; sourceTree = BUILT_PRODUCTS_DIR; };
		49AA477825D5D61E00AFD59D /* flixsterUITests.swift */ = {isa = PBXFileReference; lastKnownFileType = sourcecode.swift; path = flixsterUITests.swift; sourceTree = "<group>"; };
		49AA477A25D5D61E00AFD59D /* Info.plist */ = {isa = PBXFileReference; lastKnownFileType = text.plist.xml; path = Info.plist; sourceTree = "<group>"; };
		49ECE77325E1AA5D00977FB5 /* MovieDetailsViewController.swift */ = {isa = PBXFileReference; lastKnownFileType = sourcecode.swift; path = MovieDetailsViewController.swift; sourceTree = "<group>"; };
		49ECE77825E1B36900977FB5 /* MovieGridViewController.swift */ = {isa = PBXFileReference; lastKnownFileType = sourcecode.swift; path = MovieGridViewController.swift; sourceTree = "<group>"; };
		49ECE77D25E1B69200977FB5 /* MovieGridCell.swift */ = {isa = PBXFileReference; lastKnownFileType = sourcecode.swift; path = MovieGridCell.swift; sourceTree = "<group>"; };
		5469E6F0EF8898F9933F7C15 /* Pods-flixster.release.xcconfig */ = {isa = PBXFileReference; includeInIndex = 1; lastKnownFileType = text.xcconfig; name = "Pods-flixster.release.xcconfig"; path = "Target Support Files/Pods-flixster/Pods-flixster.release.xcconfig"; sourceTree = "<group>"; };
		894DFF52888F1E681234D167 /* Pods_flixster_flixsterUITests.framework */ = {isa = PBXFileReference; explicitFileType = wrapper.framework; includeInIndex = 0; path = Pods_flixster_flixsterUITests.framework; sourceTree = BUILT_PRODUCTS_DIR; };
		949E15008B6ACFDCDCB22DAE /* Pods-flixster-flixsterUITests.release.xcconfig */ = {isa = PBXFileReference; includeInIndex = 1; lastKnownFileType = text.xcconfig; name = "Pods-flixster-flixsterUITests.release.xcconfig"; path = "Target Support Files/Pods-flixster-flixsterUITests/Pods-flixster-flixsterUITests.release.xcconfig"; sourceTree = "<group>"; };
		966A4BF320F83DD7497A732D /* Pods-flixster-flixsterUITests.debug.xcconfig */ = {isa = PBXFileReference; includeInIndex = 1; lastKnownFileType = text.xcconfig; name = "Pods-flixster-flixsterUITests.debug.xcconfig"; path = "Target Support Files/Pods-flixster-flixsterUITests/Pods-flixster-flixsterUITests.debug.xcconfig"; sourceTree = "<group>"; };
		9F31DE6E804196D7ABA66AFD /* Pods-flixster.debug.xcconfig */ = {isa = PBXFileReference; includeInIndex = 1; lastKnownFileType = text.xcconfig; name = "Pods-flixster.debug.xcconfig"; path = "Target Support Files/Pods-flixster/Pods-flixster.debug.xcconfig"; sourceTree = "<group>"; };
		DD2B1F20F86C7AD43861BE48 /* Pods_flixsterTests.framework */ = {isa = PBXFileReference; explicitFileType = wrapper.framework; includeInIndex = 0; path = Pods_flixsterTests.framework; sourceTree = BUILT_PRODUCTS_DIR; };
		E0290FFBC4A9536A083479D8 /* Pods-flixsterTests.debug.xcconfig */ = {isa = PBXFileReference; includeInIndex = 1; lastKnownFileType = text.xcconfig; name = "Pods-flixsterTests.debug.xcconfig"; path = "Target Support Files/Pods-flixsterTests/Pods-flixsterTests.debug.xcconfig"; sourceTree = "<group>"; };
/* End PBXFileReference section */

/* Begin PBXFrameworksBuildPhase section */
		49AA475025D5D61B00AFD59D /* Frameworks */ = {
			isa = PBXFrameworksBuildPhase;
			buildActionMask = 2147483647;
			files = (
				C9FACDFF231125427BCCE679 /* Pods_flixster.framework in Frameworks */,
			);
			runOnlyForDeploymentPostprocessing = 0;
		};
		49AA476625D5D61E00AFD59D /* Frameworks */ = {
			isa = PBXFrameworksBuildPhase;
			buildActionMask = 2147483647;
			files = (
				6E530A290353CE6CE589CBC6 /* Pods_flixsterTests.framework in Frameworks */,
			);
			runOnlyForDeploymentPostprocessing = 0;
		};
		49AA477125D5D61E00AFD59D /* Frameworks */ = {
			isa = PBXFrameworksBuildPhase;
			buildActionMask = 2147483647;
			files = (
				C1ECDA3FCE91955D67F185D5 /* Pods_flixster_flixsterUITests.framework in Frameworks */,
			);
			runOnlyForDeploymentPostprocessing = 0;
		};
/* End PBXFrameworksBuildPhase section */

/* Begin PBXGroup section */
		28C0928AA41146039A663E85 /* Pods */ = {
			isa = PBXGroup;
			children = (
				9F31DE6E804196D7ABA66AFD /* Pods-flixster.debug.xcconfig */,
				5469E6F0EF8898F9933F7C15 /* Pods-flixster.release.xcconfig */,
				966A4BF320F83DD7497A732D /* Pods-flixster-flixsterUITests.debug.xcconfig */,
				949E15008B6ACFDCDCB22DAE /* Pods-flixster-flixsterUITests.release.xcconfig */,
				E0290FFBC4A9536A083479D8 /* Pods-flixsterTests.debug.xcconfig */,
				47B076A1AA125069810DAD8E /* Pods-flixsterTests.release.xcconfig */,
			);
			path = Pods;
			sourceTree = "<group>";
		};
		49AA474A25D5D61B00AFD59D = {
			isa = PBXGroup;
			children = (
				49AA475525D5D61B00AFD59D /* flixster */,
				49AA476C25D5D61E00AFD59D /* flixsterTests */,
				49AA477725D5D61E00AFD59D /* flixsterUITests */,
				49AA475425D5D61B00AFD59D /* Products */,
				28C0928AA41146039A663E85 /* Pods */,
				65C86329F9A0A2457A5B1483 /* Frameworks */,
			);
			sourceTree = "<group>";
		};
		49AA475425D5D61B00AFD59D /* Products */ = {
			isa = PBXGroup;
			children = (
				49AA475325D5D61B00AFD59D /* flixster.app */,
				49AA476925D5D61E00AFD59D /* flixsterTests.xctest */,
				49AA477425D5D61E00AFD59D /* flixsterUITests.xctest */,
			);
			name = Products;
			sourceTree = "<group>";
		};
		49AA475525D5D61B00AFD59D /* flixster */ = {
			isa = PBXGroup;
			children = (
				49AA475625D5D61B00AFD59D /* AppDelegate.swift */,
				49AA475825D5D61B00AFD59D /* SceneDelegate.swift */,
				49AA475C25D5D61B00AFD59D /* Main.storyboard */,
				49AA475F25D5D61D00AFD59D /* Assets.xcassets */,
				49AA476125D5D61D00AFD59D /* LaunchScreen.storyboard */,
				49AA476425D5D61D00AFD59D /* Info.plist */,
				4971CC2D25DD50E000728C8B /* MoviesViewController.swift */,
				4971CC3525DD647100728C8B /* MovieCell.swift */,
				49ECE77325E1AA5D00977FB5 /* MovieDetailsViewController.swift */,
				49ECE77825E1B36900977FB5 /* MovieGridViewController.swift */,
				49ECE77D25E1B69200977FB5 /* MovieGridCell.swift */,
			);
			path = flixster;
			sourceTree = "<group>";
		};
		49AA476C25D5D61E00AFD59D /* flixsterTests */ = {
			isa = PBXGroup;
			children = (
				49AA476D25D5D61E00AFD59D /* flixsterTests.swift */,
				49AA476F25D5D61E00AFD59D /* Info.plist */,
			);
			path = flixsterTests;
			sourceTree = "<group>";
		};
		49AA477725D5D61E00AFD59D /* flixsterUITests */ = {
			isa = PBXGroup;
			children = (
				49AA477825D5D61E00AFD59D /* flixsterUITests.swift */,
				49AA477A25D5D61E00AFD59D /* Info.plist */,
			);
			path = flixsterUITests;
			sourceTree = "<group>";
		};
		65C86329F9A0A2457A5B1483 /* Frameworks */ = {
			isa = PBXGroup;
			children = (
				430534A0F4C31B9A2C0BED92 /* Pods_flixster.framework */,
				894DFF52888F1E681234D167 /* Pods_flixster_flixsterUITests.framework */,
				DD2B1F20F86C7AD43861BE48 /* Pods_flixsterTests.framework */,
			);
			name = Frameworks;
			sourceTree = "<group>";
		};
/* End PBXGroup section */

/* Begin PBXNativeTarget section */
		49AA475225D5D61B00AFD59D /* flixster */ = {
			isa = PBXNativeTarget;
			buildConfigurationList = 49AA477D25D5D61E00AFD59D /* Build configuration list for PBXNativeTarget "flixster" */;
			buildPhases = (
				E32C4A95DB789871FD68A932 /* [CP] Check Pods Manifest.lock */,
				49AA474F25D5D61B00AFD59D /* Sources */,
				49AA475025D5D61B00AFD59D /* Frameworks */,
				49AA475125D5D61B00AFD59D /* Resources */,
				B06BA583A758C6EA9FE246BC /* [CP] Embed Pods Frameworks */,
			);
			buildRules = (
			);
			dependencies = (
			);
			name = flixster;
			productName = flixster;
			productReference = 49AA475325D5D61B00AFD59D /* flixster.app */;
			productType = "com.apple.product-type.application";
		};
		49AA476825D5D61E00AFD59D /* flixsterTests */ = {
			isa = PBXNativeTarget;
			buildConfigurationList = 49AA478025D5D61E00AFD59D /* Build configuration list for PBXNativeTarget "flixsterTests" */;
			buildPhases = (
				A9E39EC5CBE113A916DFC6E8 /* [CP] Check Pods Manifest.lock */,
				49AA476525D5D61E00AFD59D /* Sources */,
				49AA476625D5D61E00AFD59D /* Frameworks */,
				49AA476725D5D61E00AFD59D /* Resources */,
			);
			buildRules = (
			);
			dependencies = (
				49AA476B25D5D61E00AFD59D /* PBXTargetDependency */,
			);
			name = flixsterTests;
			productName = flixsterTests;
			productReference = 49AA476925D5D61E00AFD59D /* flixsterTests.xctest */;
			productType = "com.apple.product-type.bundle.unit-test";
		};
		49AA477325D5D61E00AFD59D /* flixsterUITests */ = {
			isa = PBXNativeTarget;
			buildConfigurationList = 49AA478325D5D61E00AFD59D /* Build configuration list for PBXNativeTarget "flixsterUITests" */;
			buildPhases = (
				86B5BE058CEEED6B66C82285 /* [CP] Check Pods Manifest.lock */,
				49AA477025D5D61E00AFD59D /* Sources */,
				49AA477125D5D61E00AFD59D /* Frameworks */,
				49AA477225D5D61E00AFD59D /* Resources */,
				0822AFB40561FC322C3C24E2 /* [CP] Embed Pods Frameworks */,
			);
			buildRules = (
			);
			dependencies = (
				49AA477625D5D61E00AFD59D /* PBXTargetDependency */,
			);
			name = flixsterUITests;
			productName = flixsterUITests;
			productReference = 49AA477425D5D61E00AFD59D /* flixsterUITests.xctest */;
			productType = "com.apple.product-type.bundle.ui-testing";
		};
/* End PBXNativeTarget section */

/* Begin PBXProject section */
		49AA474B25D5D61B00AFD59D /* Project object */ = {
			isa = PBXProject;
			attributes = {
				LastSwiftUpdateCheck = 1240;
				LastUpgradeCheck = 1240;
				TargetAttributes = {
					49AA475225D5D61B00AFD59D = {
						CreatedOnToolsVersion = 12.4;
					};
					49AA476825D5D61E00AFD59D = {
						CreatedOnToolsVersion = 12.4;
						TestTargetID = 49AA475225D5D61B00AFD59D;
					};
					49AA477325D5D61E00AFD59D = {
						CreatedOnToolsVersion = 12.4;
						TestTargetID = 49AA475225D5D61B00AFD59D;
					};
				};
			};
			buildConfigurationList = 49AA474E25D5D61B00AFD59D /* Build configuration list for PBXProject "flixster" */;
			compatibilityVersion = "Xcode 9.3";
			developmentRegion = en;
			hasScannedForEncodings = 0;
			knownRegions = (
				en,
				Base,
			);
			mainGroup = 49AA474A25D5D61B00AFD59D;
			productRefGroup = 49AA475425D5D61B00AFD59D /* Products */;
			projectDirPath = "";
			projectRoot = "";
			targets = (
				49AA475225D5D61B00AFD59D /* flixster */,
				49AA476825D5D61E00AFD59D /* flixsterTests */,
				49AA477325D5D61E00AFD59D /* flixsterUITests */,
			);
		};
/* End PBXProject section */

/* Begin PBXResourcesBuildPhase section */
		49AA475125D5D61B00AFD59D /* Resources */ = {
			isa = PBXResourcesBuildPhase;
			buildActionMask = 2147483647;
			files = (
				49AA476325D5D61D00AFD59D /* LaunchScreen.storyboard in Resources */,
				49AA476025D5D61D00AFD59D /* Assets.xcassets in Resources */,
				49AA475E25D5D61B00AFD59D /* Main.storyboard in Resources */,
			);
			runOnlyForDeploymentPostprocessing = 0;
		};
		49AA476725D5D61E00AFD59D /* Resources */ = {
			isa = PBXResourcesBuildPhase;
			buildActionMask = 2147483647;
			files = (
			);
			runOnlyForDeploymentPostprocessing = 0;
		};
		49AA477225D5D61E00AFD59D /* Resources */ = {
			isa = PBXResourcesBuildPhase;
			buildActionMask = 2147483647;
			files = (
			);
			runOnlyForDeploymentPostprocessing = 0;
		};
/* End PBXResourcesBuildPhase section */

/* Begin PBXShellScriptBuildPhase section */
		0822AFB40561FC322C3C24E2 /* [CP] Embed Pods Frameworks */ = {
			isa = PBXShellScriptBuildPhase;
			buildActionMask = 2147483647;
			files = (
			);
			inputFileListPaths = (
				"${PODS_ROOT}/Target Support Files/Pods-flixster-flixsterUITests/Pods-flixster-flixsterUITests-frameworks-${CONFIGURATION}-input-files.xcfilelist",
			);
			name = "[CP] Embed Pods Frameworks";
			outputFileListPaths = (
				"${PODS_ROOT}/Target Support Files/Pods-flixster-flixsterUITests/Pods-flixster-flixsterUITests-frameworks-${CONFIGURATION}-output-files.xcfilelist",
			);
			runOnlyForDeploymentPostprocessing = 0;
			shellPath = /bin/sh;
			shellScript = "\"${PODS_ROOT}/Target Support Files/Pods-flixster-flixsterUITests/Pods-flixster-flixsterUITests-frameworks.sh\"\n";
			showEnvVarsInLog = 0;
		};
		86B5BE058CEEED6B66C82285 /* [CP] Check Pods Manifest.lock */ = {
			isa = PBXShellScriptBuildPhase;
			buildActionMask = 2147483647;
			files = (
			);
			inputFileListPaths = (
			);
			inputPaths = (
				"${PODS_PODFILE_DIR_PATH}/Podfile.lock",
				"${PODS_ROOT}/Manifest.lock",
			);
			name = "[CP] Check Pods Manifest.lock";
			outputFileListPaths = (
			);
			outputPaths = (
				"$(DERIVED_FILE_DIR)/Pods-flixster-flixsterUITests-checkManifestLockResult.txt",
			);
			runOnlyForDeploymentPostprocessing = 0;
			shellPath = /bin/sh;
			shellScript = "diff \"${PODS_PODFILE_DIR_PATH}/Podfile.lock\" \"${PODS_ROOT}/Manifest.lock\" > /dev/null\nif [ $? != 0 ] ; then\n    # print error to STDERR\n    echo \"error: The sandbox is not in sync with the Podfile.lock. Run 'pod install' or update your CocoaPods installation.\" >&2\n    exit 1\nfi\n# This output is used by Xcode 'outputs' to avoid re-running this script phase.\necho \"SUCCESS\" > \"${SCRIPT_OUTPUT_FILE_0}\"\n";
			showEnvVarsInLog = 0;
		};
		A9E39EC5CBE113A916DFC6E8 /* [CP] Check Pods Manifest.lock */ = {
			isa = PBXShellScriptBuildPhase;
			buildActionMask = 2147483647;
			files = (
			);
			inputFileListPaths = (
			);
			inputPaths = (
				"${PODS_PODFILE_DIR_PATH}/Podfile.lock",
				"${PODS_ROOT}/Manifest.lock",
			);
			name = "[CP] Check Pods Manifest.lock";
			outputFileListPaths = (
			);
			outputPaths = (
				"$(DERIVED_FILE_DIR)/Pods-flixsterTests-checkManifestLockResult.txt",
			);
			runOnlyForDeploymentPostprocessing = 0;
			shellPath = /bin/sh;
			shellScript = "diff \"${PODS_PODFILE_DIR_PATH}/Podfile.lock\" \"${PODS_ROOT}/Manifest.lock\" > /dev/null\nif [ $? != 0 ] ; then\n    # print error to STDERR\n    echo \"error: The sandbox is not in sync with the Podfile.lock. Run 'pod install' or update your CocoaPods installation.\" >&2\n    exit 1\nfi\n# This output is used by Xcode 'outputs' to avoid re-running this script phase.\necho \"SUCCESS\" > \"${SCRIPT_OUTPUT_FILE_0}\"\n";
			showEnvVarsInLog = 0;
		};
		B06BA583A758C6EA9FE246BC /* [CP] Embed Pods Frameworks */ = {
			isa = PBXShellScriptBuildPhase;
			buildActionMask = 2147483647;
			files = (
			);
			inputFileListPaths = (
				"${PODS_ROOT}/Target Support Files/Pods-flixster/Pods-flixster-frameworks-${CONFIGURATION}-input-files.xcfilelist",
			);
			name = "[CP] Embed Pods Frameworks";
			outputFileListPaths = (
				"${PODS_ROOT}/Target Support Files/Pods-flixster/Pods-flixster-frameworks-${CONFIGURATION}-output-files.xcfilelist",
			);
			runOnlyForDeploymentPostprocessing = 0;
			shellPath = /bin/sh;
			shellScript = "\"${PODS_ROOT}/Target Support Files/Pods-flixster/Pods-flixster-frameworks.sh\"\n";
			showEnvVarsInLog = 0;
		};
		E32C4A95DB789871FD68A932 /* [CP] Check Pods Manifest.lock */ = {
			isa = PBXShellScriptBuildPhase;
			buildActionMask = 2147483647;
			files = (
			);
			inputFileListPaths = (
			);
			inputPaths = (
				"${PODS_PODFILE_DIR_PATH}/Podfile.lock",
				"${PODS_ROOT}/Manifest.lock",
			);
			name = "[CP] Check Pods Manifest.lock";
			outputFileListPaths = (
			);
			outputPaths = (
				"$(DERIVED_FILE_DIR)/Pods-flixster-checkManifestLockResult.txt",
			);
			runOnlyForDeploymentPostprocessing = 0;
			shellPath = /bin/sh;
			shellScript = "diff \"${PODS_PODFILE_DIR_PATH}/Podfile.lock\" \"${PODS_ROOT}/Manifest.lock\" > /dev/null\nif [ $? != 0 ] ; then\n    # print error to STDERR\n    echo \"error: The sandbox is not in sync with the Podfile.lock. Run 'pod install' or update your CocoaPods installation.\" >&2\n    exit 1\nfi\n# This output is used by Xcode 'outputs' to avoid re-running this script phase.\necho \"SUCCESS\" > \"${SCRIPT_OUTPUT_FILE_0}\"\n";
			showEnvVarsInLog = 0;
		};
/* End PBXShellScriptBuildPhase section */

/* Begin PBXSourcesBuildPhase section */
		49AA474F25D5D61B00AFD59D /* Sources */ = {
			isa = PBXSourcesBuildPhase;
			buildActionMask = 2147483647;
			files = (
				49ECE77425E1AA5D00977FB5 /* MovieDetailsViewController.swift in Sources */,
				49AA475725D5D61B00AFD59D /* AppDelegate.swift in Sources */,
				49AA475925D5D61B00AFD59D /* SceneDelegate.swift in Sources */,
				4971CC3625DD647100728C8B /* MovieCell.swift in Sources */,
				4971CC2E25DD50E000728C8B /* MoviesViewController.swift in Sources */,
				49ECE77925E1B36900977FB5 /* MovieGridViewController.swift in Sources */,
				49ECE77E25E1B69200977FB5 /* MovieGridCell.swift in Sources */,
			);
			runOnlyForDeploymentPostprocessing = 0;
		};
		49AA476525D5D61E00AFD59D /* Sources */ = {
			isa = PBXSourcesBuildPhase;
			buildActionMask = 2147483647;
			files = (
				49AA476E25D5D61E00AFD59D /* flixsterTests.swift in Sources */,
			);
			runOnlyForDeploymentPostprocessing = 0;
		};
		49AA477025D5D61E00AFD59D /* Sources */ = {
			isa = PBXSourcesBuildPhase;
			buildActionMask = 2147483647;
			files = (
				49AA477925D5D61E00AFD59D /* flixsterUITests.swift in Sources */,
			);
			runOnlyForDeploymentPostprocessing = 0;
		};
/* End PBXSourcesBuildPhase section */

/* Begin PBXTargetDependency section */
		49AA476B25D5D61E00AFD59D /* PBXTargetDependency */ = {
			isa = PBXTargetDependency;
			target = 49AA475225D5D61B00AFD59D /* flixster */;
			targetProxy = 49AA476A25D5D61E00AFD59D /* PBXContainerItemProxy */;
		};
		49AA477625D5D61E00AFD59D /* PBXTargetDependency */ = {
			isa = PBXTargetDependency;
			target = 49AA475225D5D61B00AFD59D /* flixster */;
			targetProxy = 49AA477525D5D61E00AFD59D /* PBXContainerItemProxy */;
		};
/* End PBXTargetDependency section */

/* Begin PBXVariantGroup section */
		49AA475C25D5D61B00AFD59D /* Main.storyboard */ = {
			isa = PBXVariantGroup;
			children = (
				49AA475D25D5D61B00AFD59D /* Base */,
			);
			name = Main.storyboard;
			sourceTree = "<group>";
		};
		49AA476125D5D61D00AFD59D /* LaunchScreen.storyboard */ = {
			isa = PBXVariantGroup;
			children = (
				49AA476225D5D61D00AFD59D /* Base */,
			);
			name = LaunchScreen.storyboard;
			sourceTree = "<group>";
		};
/* End PBXVariantGroup section */

/* Begin XCBuildConfiguration section */
		49AA477B25D5D61E00AFD59D /* Debug */ = {
			isa = XCBuildConfiguration;
			buildSettings = {
				ALWAYS_SEARCH_USER_PATHS = NO;
				CLANG_ANALYZER_NONNULL = YES;
				CLANG_ANALYZER_NUMBER_OBJECT_CONVERSION = YES_AGGRESSIVE;
				CLANG_CXX_LANGUAGE_STANDARD = "gnu++14";
				CLANG_CXX_LIBRARY = "libc++";
				CLANG_ENABLE_MODULES = YES;
				CLANG_ENABLE_OBJC_ARC = YES;
				CLANG_ENABLE_OBJC_WEAK = YES;
				CLANG_WARN_BLOCK_CAPTURE_AUTORELEASING = YES;
				CLANG_WARN_BOOL_CONVERSION = YES;
				CLANG_WARN_COMMA = YES;
				CLANG_WARN_CONSTANT_CONVERSION = YES;
				CLANG_WARN_DEPRECATED_OBJC_IMPLEMENTATIONS = YES;
				CLANG_WARN_DIRECT_OBJC_ISA_USAGE = YES_ERROR;
				CLANG_WARN_DOCUMENTATION_COMMENTS = YES;
				CLANG_WARN_EMPTY_BODY = YES;
				CLANG_WARN_ENUM_CONVERSION = YES;
				CLANG_WARN_INFINITE_RECURSION = YES;
				CLANG_WARN_INT_CONVERSION = YES;
				CLANG_WARN_NON_LITERAL_NULL_CONVERSION = YES;
				CLANG_WARN_OBJC_IMPLICIT_RETAIN_SELF = YES;
				CLANG_WARN_OBJC_LITERAL_CONVERSION = YES;
				CLANG_WARN_OBJC_ROOT_CLASS = YES_ERROR;
				CLANG_WARN_QUOTED_INCLUDE_IN_FRAMEWORK_HEADER = YES;
				CLANG_WARN_RANGE_LOOP_ANALYSIS = YES;
				CLANG_WARN_STRICT_PROTOTYPES = YES;
				CLANG_WARN_SUSPICIOUS_MOVE = YES;
				CLANG_WARN_UNGUARDED_AVAILABILITY = YES_AGGRESSIVE;
				CLANG_WARN_UNREACHABLE_CODE = YES;
				CLANG_WARN__DUPLICATE_METHOD_MATCH = YES;
				COPY_PHASE_STRIP = NO;
				DEBUG_INFORMATION_FORMAT = dwarf;
				ENABLE_STRICT_OBJC_MSGSEND = YES;
				ENABLE_TESTABILITY = YES;
				GCC_C_LANGUAGE_STANDARD = gnu11;
				GCC_DYNAMIC_NO_PIC = NO;
				GCC_NO_COMMON_BLOCKS = YES;
				GCC_OPTIMIZATION_LEVEL = 0;
				GCC_PREPROCESSOR_DEFINITIONS = (
					"DEBUG=1",
					"$(inherited)",
				);
				GCC_WARN_64_TO_32_BIT_CONVERSION = YES;
				GCC_WARN_ABOUT_RETURN_TYPE = YES_ERROR;
				GCC_WARN_UNDECLARED_SELECTOR = YES;
				GCC_WARN_UNINITIALIZED_AUTOS = YES_AGGRESSIVE;
				GCC_WARN_UNUSED_FUNCTION = YES;
				GCC_WARN_UNUSED_VARIABLE = YES;
				IPHONEOS_DEPLOYMENT_TARGET = 14.4;
				MTL_ENABLE_DEBUG_INFO = INCLUDE_SOURCE;
				MTL_FAST_MATH = YES;
				ONLY_ACTIVE_ARCH = YES;
				SDKROOT = iphoneos;
				SWIFT_ACTIVE_COMPILATION_CONDITIONS = DEBUG;
				SWIFT_OPTIMIZATION_LEVEL = "-Onone";
			};
			name = Debug;
		};
		49AA477C25D5D61E00AFD59D /* Release */ = {
			isa = XCBuildConfiguration;
			buildSettings = {
				ALWAYS_SEARCH_USER_PATHS = NO;
				CLANG_ANALYZER_NONNULL = YES;
				CLANG_ANALYZER_NUMBER_OBJECT_CONVERSION = YES_AGGRESSIVE;
				CLANG_CXX_LANGUAGE_STANDARD = "gnu++14";
				CLANG_CXX_LIBRARY = "libc++";
				CLANG_ENABLE_MODULES = YES;
				CLANG_ENABLE_OBJC_ARC = YES;
				CLANG_ENABLE_OBJC_WEAK = YES;
				CLANG_WARN_BLOCK_CAPTURE_AUTORELEASING = YES;
				CLANG_WARN_BOOL_CONVERSION = YES;
				CLANG_WARN_COMMA = YES;
				CLANG_WARN_CONSTANT_CONVERSION = YES;
				CLANG_WARN_DEPRECATED_OBJC_IMPLEMENTATIONS = YES;
				CLANG_WARN_DIRECT_OBJC_ISA_USAGE = YES_ERROR;
				CLANG_WARN_DOCUMENTATION_COMMENTS = YES;
				CLANG_WARN_EMPTY_BODY = YES;
				CLANG_WARN_ENUM_CONVERSION = YES;
				CLANG_WARN_INFINITE_RECURSION = YES;
				CLANG_WARN_INT_CONVERSION = YES;
				CLANG_WARN_NON_LITERAL_NULL_CONVERSION = YES;
				CLANG_WARN_OBJC_IMPLICIT_RETAIN_SELF = YES;
				CLANG_WARN_OBJC_LITERAL_CONVERSION = YES;
				CLANG_WARN_OBJC_ROOT_CLASS = YES_ERROR;
				CLANG_WARN_QUOTED_INCLUDE_IN_FRAMEWORK_HEADER = YES;
				CLANG_WARN_RANGE_LOOP_ANALYSIS = YES;
				CLANG_WARN_STRICT_PROTOTYPES = YES;
				CLANG_WARN_SUSPICIOUS_MOVE = YES;
				CLANG_WARN_UNGUARDED_AVAILABILITY = YES_AGGRESSIVE;
				CLANG_WARN_UNREACHABLE_CODE = YES;
				CLANG_WARN__DUPLICATE_METHOD_MATCH = YES;
				COPY_PHASE_STRIP = NO;
				DEBUG_INFORMATION_FORMAT = "dwarf-with-dsym";
				ENABLE_NS_ASSERTIONS = NO;
				ENABLE_STRICT_OBJC_MSGSEND = YES;
				GCC_C_LANGUAGE_STANDARD = gnu11;
				GCC_NO_COMMON_BLOCKS = YES;
				GCC_WARN_64_TO_32_BIT_CONVERSION = YES;
				GCC_WARN_ABOUT_RETURN_TYPE = YES_ERROR;
				GCC_WARN_UNDECLARED_SELECTOR = YES;
				GCC_WARN_UNINITIALIZED_AUTOS = YES_AGGRESSIVE;
				GCC_WARN_UNUSED_FUNCTION = YES;
				GCC_WARN_UNUSED_VARIABLE = YES;
				IPHONEOS_DEPLOYMENT_TARGET = 14.4;
				MTL_ENABLE_DEBUG_INFO = NO;
				MTL_FAST_MATH = YES;
				SDKROOT = iphoneos;
				SWIFT_COMPILATION_MODE = wholemodule;
				SWIFT_OPTIMIZATION_LEVEL = "-O";
				VALIDATE_PRODUCT = YES;
			};
			name = Release;
		};
		49AA477E25D5D61E00AFD59D /* Debug */ = {
			isa = XCBuildConfiguration;
			baseConfigurationReference = 9F31DE6E804196D7ABA66AFD /* Pods-flixster.debug.xcconfig */;
			buildSettings = {
				ASSETCATALOG_COMPILER_APPICON_NAME = AppIcon;
				ASSETCATALOG_COMPILER_GLOBAL_ACCENT_COLOR_NAME = AccentColor;
				CODE_SIGN_STYLE = Automatic;
				INFOPLIST_FILE = flixster/Info.plist;
				LD_RUNPATH_SEARCH_PATHS = (
					"$(inherited)",
					"@executable_path/Frameworks",
				);
				PRODUCT_BUNDLE_IDENTIFIER = memo.com.flixster;
				PRODUCT_NAME = "$(TARGET_NAME)";
				SWIFT_VERSION = 5.0;
				TARGETED_DEVICE_FAMILY = "1,2";
			};
			name = Debug;
		};
		49AA477F25D5D61E00AFD59D /* Release */ = {
			isa = XCBuildConfiguration;
			baseConfigurationReference = 5469E6F0EF8898F9933F7C15 /* Pods-flixster.release.xcconfig */;
			buildSettings = {
				ASSETCATALOG_COMPILER_APPICON_NAME = AppIcon;
				ASSETCATALOG_COMPILER_GLOBAL_ACCENT_COLOR_NAME = AccentColor;
				CODE_SIGN_STYLE = Automatic;
				INFOPLIST_FILE = flixster/Info.plist;
				LD_RUNPATH_SEARCH_PATHS = (
					"$(inherited)",
					"@executable_path/Frameworks",
				);
				PRODUCT_BUNDLE_IDENTIFIER = memo.com.flixster;
				PRODUCT_NAME = "$(TARGET_NAME)";
				SWIFT_VERSION = 5.0;
				TARGETED_DEVICE_FAMILY = "1,2";
			};
			name = Release;
		};
		49AA478125D5D61E00AFD59D /* Debug */ = {
			isa = XCBuildConfiguration;
			baseConfigurationReference = E0290FFBC4A9536A083479D8 /* Pods-flixsterTests.debug.xcconfig */;
			buildSettings = {
				ALWAYS_EMBED_SWIFT_STANDARD_LIBRARIES = YES;
				BUNDLE_LOADER = "$(TEST_HOST)";
				CODE_SIGN_STYLE = Automatic;
				INFOPLIST_FILE = flixsterTests/Info.plist;
				IPHONEOS_DEPLOYMENT_TARGET = 14.4;
				LD_RUNPATH_SEARCH_PATHS = (
					"$(inherited)",
					"@executable_path/Frameworks",
					"@loader_path/Frameworks",
				);
				PRODUCT_BUNDLE_IDENTIFIER = memo.com.flixsterTests;
				PRODUCT_NAME = "$(TARGET_NAME)";
				SWIFT_VERSION = 5.0;
				TARGETED_DEVICE_FAMILY = "1,2";
				TEST_HOST = "$(BUILT_PRODUCTS_DIR)/flixster.app/flixster";
			};
			name = Debug;
		};
		49AA478225D5D61E00AFD59D /* Release */ = {
			isa = XCBuildConfiguration;
			baseConfigurationReference = 47B076A1AA125069810DAD8E /* Pods-flixsterTests.release.xcconfig */;
			buildSettings = {
				ALWAYS_EMBED_SWIFT_STANDARD_LIBRARIES = YES;
				BUNDLE_LOADER = "$(TEST_HOST)";
				CODE_SIGN_STYLE = Automatic;
				INFOPLIST_FILE = flixsterTests/Info.plist;
				IPHONEOS_DEPLOYMENT_TARGET = 14.4;
				LD_RUNPATH_SEARCH_PATHS = (
					"$(inherited)",
					"@executable_path/Frameworks",
					"@loader_path/Frameworks",
				);
				PRODUCT_BUNDLE_IDENTIFIER = memo.com.flixsterTests;
				PRODUCT_NAME = "$(TARGET_NAME)";
				SWIFT_VERSION = 5.0;
				TARGETED_DEVICE_FAMILY = "1,2";
				TEST_HOST = "$(BUILT_PRODUCTS_DIR)/flixster.app/flixster";
			};
			name = Release;
		};
		49AA478425D5D61E00AFD59D /* Debug */ = {
			isa = XCBuildConfiguration;
			baseConfigurationReference = 966A4BF320F83DD7497A732D /* Pods-flixster-flixsterUITests.debug.xcconfig */;
			buildSettings = {
				ALWAYS_EMBED_SWIFT_STANDARD_LIBRARIES = YES;
				CODE_SIGN_STYLE = Automatic;
				INFOPLIST_FILE = flixsterUITests/Info.plist;
				LD_RUNPATH_SEARCH_PATHS = (
					"$(inherited)",
					"@executable_path/Frameworks",
					"@loader_path/Frameworks",
				);
				PRODUCT_BUNDLE_IDENTIFIER = memo.com.flixsterUITests;
				PRODUCT_NAME = "$(TARGET_NAME)";
				SWIFT_VERSION = 5.0;
				TARGETED_DEVICE_FAMILY = "1,2";
				TEST_TARGET_NAME = flixster;
			};
			name = Debug;
		};
		49AA478525D5D61E00AFD59D /* Release */ = {
			isa = XCBuildConfiguration;
			baseConfigurationReference = 949E15008B6ACFDCDCB22DAE /* Pods-flixster-flixsterUITests.release.xcconfig */;
			buildSettings = {
				ALWAYS_EMBED_SWIFT_STANDARD_LIBRARIES = YES;
				CODE_SIGN_STYLE = Automatic;
				INFOPLIST_FILE = flixsterUITests/Info.plist;
				LD_RUNPATH_SEARCH_PATHS = (
					"$(inherited)",
					"@executable_path/Frameworks",
					"@loader_path/Frameworks",
				);
				PRODUCT_BUNDLE_IDENTIFIER = memo.com.flixsterUITests;
				PRODUCT_NAME = "$(TARGET_NAME)";
				SWIFT_VERSION = 5.0;
				TARGETED_DEVICE_FAMILY = "1,2";
				TEST_TARGET_NAME = flixster;
			};
			name = Release;
		};
/* End XCBuildConfiguration section */

/* Begin XCConfigurationList section */
		49AA474E25D5D61B00AFD59D /* Build configuration list for PBXProject "flixster" */ = {
			isa = XCConfigurationList;
			buildConfigurations = (
				49AA477B25D5D61E00AFD59D /* Debug */,
				49AA477C25D5D61E00AFD59D /* Release */,
			);
			defaultConfigurationIsVisible = 0;
			defaultConfigurationName = Release;
		};
		49AA477D25D5D61E00AFD59D /* Build configuration list for PBXNativeTarget "flixster" */ = {
			isa = XCConfigurationList;
			buildConfigurations = (
				49AA477E25D5D61E00AFD59D /* Debug */,
				49AA477F25D5D61E00AFD59D /* Release */,
			);
			defaultConfigurationIsVisible = 0;
			defaultConfigurationName = Release;
		};
		49AA478025D5D61E00AFD59D /* Build configuration list for PBXNativeTarget "flixsterTests" */ = {
			isa = XCConfigurationList;
			buildConfigurations = (
				49AA478125D5D61E00AFD59D /* Debug */,
				49AA478225D5D61E00AFD59D /* Release */,
			);
			defaultConfigurationIsVisible = 0;
			defaultConfigurationName = Release;
		};
		49AA478325D5D61E00AFD59D /* Build configuration list for PBXNativeTarget "flixsterUITests" */ = {
			isa = XCConfigurationList;
			buildConfigurations = (
				49AA478425D5D61E00AFD59D /* Debug */,
				49AA478525D5D61E00AFD59D /* Release */,
			);
			defaultConfigurationIsVisible = 0;
			defaultConfigurationName = Release;
		};
/* End XCConfigurationList section */
	};
	rootObject = 49AA474B25D5D61B00AFD59D /* Project object */;
}
